PODS:
  - FBSDKCoreKit (6.2.0):
    - FBSDKCoreKit/Basics (= 6.2.0)
    - FBSDKCoreKit/Core (= 6.2.0)
  - FBSDKCoreKit/Basics (6.2.0)
  - FBSDKCoreKit/Core (6.2.0):
    - FBSDKCoreKit/Basics
  - FBSDKLoginKit (6.2.0):
    - FBSDKLoginKit/Login (= 6.2.0)
  - FBSDKLoginKit/Login (6.2.0):
    - FBSDKCoreKit (~> 6.2.0)
  - Flutter (1.0.0)
  - flutter_facebook_login (0.0.1):
    - FBSDKCoreKit (~> 6.0)
    - FBSDKLoginKit (~> 6.0)
    - Flutter

DEPENDENCIES:
  - Flutter (from `/Users/lms/flutter/bin/cache/artifacts/engine/ios`)
  - flutter_facebook_login (from `/Users/lms/IdeaProjects/flutter_facebook_login/ios`)

SPEC REPOS:
  trunk:
    - FBSDKCoreKit
    - FBSDKLoginKit

EXTERNAL SOURCES:
  Flutter:
    :path: "/Users/lms/flutter/bin/cache/artifacts/engine/ios"
  flutter_facebook_login:
    :path: "/Users/lms/IdeaProjects/flutter_facebook_login/ios"

SPEC CHECKSUMS:
  FBSDKCoreKit: a7bb9f5ac56c1e11d5f8ae0b90a3610f8744b43a
  FBSDKLoginKit: 5877adb09cc249870c352d92ecc3246cb925c771
  Flutter: 0e3d915762c693b495b44d77113d4970485de6ec
  flutter_facebook_login: 0e6e94a75ff1679a0f151b376db32187e07d7a69

PODFILE CHECKSUM: ee3513d63d9f1f16cbf54d96a76fd258b1e63510

COCOAPODS: 1.9.0
