PODS:
  - FBSDKCoreKit (5.6.0):
    - FBSDKCoreKit/Basics (= 5.6.0)
    - FBSDKCoreKit/Core (= 5.6.0)
  - FBSDKCoreKit/Basics (5.6.0)
  - FBSDKCoreKit/Core (5.6.0):
    - FBSDKCoreKit/Basics
  - FBSDKLoginKit (5.6.0):
    - FBSDKLoginKit/Login (= 5.6.0)
  - FBSDKLoginKit/Login (5.6.0):
    - FBSDKCoreKit (~> 5.0)
  - Flutter (1.0.0)
  - flutter_facebook_login (0.0.1):
    - FBSDKCoreKit (~> 5.5)
    - FBSDKLoginKit (~> 5.5)
    - Flutter

DEPENDENCIES:
  - Flutter (from `/Users/iirokrankka/flutter/bin/cache/artifacts/engine/ios`)
  - flutter_facebook_login (from `/Users/iirokrankka/flutter_facebook_login/ios`)

SPEC REPOS:
  https://github.com/cocoapods/specs.git:
    - FBSDKCoreKit
    - FBSDKLoginKit

EXTERNAL SOURCES:
  Flutter:
    :path: "/Users/iirokrankka/flutter/bin/cache/artifacts/engine/ios"
  flutter_facebook_login:
    :path: "/Users/iirokrankka/flutter_facebook_login/ios"

SPEC CHECKSUMS:
  FBSDKCoreKit: d6655a343868d4bb5c29a60859bab07c3be14a0b
  FBSDKLoginKit: c5a623de88a6b0cda35b35582921f6cec2efcc36
  Flutter: 0e3d915762c693b495b44d77113d4970485de6ec
  flutter_facebook_login: 0266e8cf236ad20f17d377c4251c582638d8bef7

PODFILE CHECKSUM: 3098c51a7edbd004c9f2b45eca5eb135d6f3ff27

COCOAPODS: 1.7.5
