PODS:
  - Bolts (1.9.0):
    - Bolts/AppLinks (= 1.9.0)
    - Bolts/Tasks (= 1.9.0)
  - Bolts/AppLinks (1.9.0):
    - Bolts/Tasks
  - Bolts/Tasks (1.9.0)
  - FBSDKCoreKit (4.39.1):
    - Bolts (~> 1.9)
  - FBSDKLoginKit (4.39.1):
    - FBSDKCoreKit
  - FBSDKShareKit (4.39.1):
    - FBSDKCoreKit
  - Flutter (1.0.0)
  - flutter_facebook_login (0.0.1):
    - FBSDKCoreKit (= 4.39.1)
    - FBSDKLoginKit (= 4.39.1)
    - FBSDKShareKit (= 4.39.1)
    - Flutter
  - path_provider (0.0.1):
    - Flutter

DEPENDENCIES:
  - Flutter (from `/Users/alejandroviquez/Desktop/development/flutter/bin/cache/artifacts/engine/ios`)
  - flutter_facebook_login (from `/Users/alejandroviquez/Desktop/development/flutter_facebook_login/ios`)
  - path_provider (from `/Users/alejandroviquez/Desktop/development/flutter/.pub-cache/hosted/pub.dartlang.org/path_provider-1.1.0/ios`)

SPEC REPOS:
  https://github.com/cocoapods/specs.git:
    - Bolts
    - FBSDKCoreKit
    - FBSDKLoginKit
    - FBSDKShareKit

EXTERNAL SOURCES:
  Flutter:
    :path: "/Users/alejandroviquez/Desktop/development/flutter/bin/cache/artifacts/engine/ios"
  flutter_facebook_login:
    :path: "/Users/alejandroviquez/Desktop/development/flutter_facebook_login/ios"
  path_provider:
    :path: "/Users/alejandroviquez/Desktop/development/flutter/.pub-cache/hosted/pub.dartlang.org/path_provider-1.1.0/ios"

SPEC CHECKSUMS:
  Bolts: ac6567323eac61e203f6a9763667d0f711be34c8
  FBSDKCoreKit: f442aa96179cc9b382bb4abeb7e340a47cca8f91
  FBSDKLoginKit: c3079d9a4db27c492287b1eed7a4272b28cf8a59
  FBSDKShareKit: 27d7b982e7b1f4638da2f2b1ab6eba5afc6b5888
  Flutter: 58dd7d1b27887414a370fcccb9e645c08ffd7a6a
  flutter_facebook_login: f51ddb206c08a5dbafae60f0b09fe76e517ca769
  path_provider: f96fff6166a8867510d2c25fdcc346327cc4b259

PODFILE CHECKSUM: 3098c51a7edbd004c9f2b45eca5eb135d6f3ff27

COCOAPODS: 1.6.1
